
Microsoft Visual Studio Solution File, Format Version 12.00
# Visual Studio Version 17
VisualStudioVersion = 17.5.33414.496
MinimumVisualStudioVersion = 10.0.40219.1
Project("{FAE04EC0-301F-11D3-BF4B-00C04F79EFBC}") = "WordDictionary", "WordDictionary\WordDictionary.csproj", "{2E18FCEA-ABC4-4C0C-A577-0630F2DC2377}"
EndProject
Global
	GlobalSection(SolutionConfigurationPlatforms) = preSolution
		Debug|Any CPU = Debug|Any CPU
		Release|Any CPU = Release|Any CPU
	EndGlobalSection
	GlobalSection(ProjectConfigurationPlatforms) = postSolution
		{2E18FCEA-ABC4-4C0C-A577-0630F2DC2377}.Debug|Any CPU.ActiveCfg = Debug|Any CPU
		{2E18FCEA-ABC4-4C0C-A577-0630F2DC2377}.Debug|Any CPU.Build.0 = Debug|Any CPU
		{2E18FCEA-ABC4-4C0C-A577-0630F2DC2377}.Release|Any CPU.ActiveCfg = Release|Any CPU
		{2E18FCEA-ABC4-4C0C-A577-0630F2DC2377}.Release|Any CPU.Build.0 = Release|Any CPU
	EndGlobalSection
	GlobalSection(SolutionProperties) = preSolution
		HideSolutionNode = FALSE
	EndGlobalSection
	GlobalSection(ExtensibilityGlobals) = postSolution
		SolutionGuid = {DF85B7F7-AD5F-4284-AC8F-1C3CDCA7EB42}
	EndGlobalSection
EndGlobal
